// !$*UTF8*$!
{
	archiveVersion = 1;
	classes = {
	};
	objectVersion = 46;
	objects = {

/* Begin PBXBuildFile section */
		8FCA6B6F1D10EF6D00FE9532 /* AppDelegate.swift in Sources */ = {isa = PBXBuildFile; fileRef = 8FCA6B6E1D10EF6D00FE9532 /* AppDelegate.swift */; };
		8FCA6B711D10EF6D00FE9532 /* ViewController.swift in Sources */ = {isa = PBXBuildFile; fileRef = 8FCA6B701D10EF6D00FE9532 /* ViewController.swift */; };
		8FCA6B741D10EF6D00FE9532 /* Main.storyboard in Resources */ = {isa = PBXBuildFile; fileRef = 8FCA6B721D10EF6D00FE9532 /* Main.storyboard */; };
		8FCA6B761D10EF6D00FE9532 /* Assets.xcassets in Resources */ = {isa = PBXBuildFile; fileRef = 8FCA6B751D10EF6D00FE9532 /* Assets.xcassets */; };
		8FCA6B791D10EF6D00FE9532 /* LaunchScreen.storyboard in Resources */ = {isa = PBXBuildFile; fileRef = 8FCA6B771D10EF6D00FE9532 /* LaunchScreen.storyboard */; };
/* End PBXBuildFile section */

/* Begin PBXFileReference section */
		8FCA6B6B1D10EF6D00FE9532 /* Acronym Learner.app */ = {isa = PBXFileReference; explicitFileType = wrapper.application; includeInIndex = 0; path = "Acronym Learner.app"; sourceTree = BUILT_PRODUCTS_DIR; };
		8FCA6B6E1D10EF6D00FE9532 /* AppDelegate.swift */ = {isa = PBXFileReference; lastKnownFileType = sourcecode.swift; path = AppDelegate.swift; sourceTree = "<group>"; };
		8FCA6B701D10EF6D00FE9532 /* ViewController.swift */ = {isa = PBXFileReference; lastKnownFileType = sourcecode.swift; path = ViewController.swift; sourceTree = "<group>"; };
		8FCA6B731D10EF6D00FE9532 /* Base */ = {isa = PBXFileReference; lastKnownFileType = file.storyboard; name = Base; path = Base.lproj/Main.storyboard; sourceTree = "<group>"; };
		8FCA6B751D10EF6D00FE9532 /* Assets.xcassets */ = {isa = PBXFileReference; lastKnownFileType = folder.assetcatalog; path = Assets.xcassets; sourceTree = "<group>"; };
		8FCA6B781D10EF6D00FE9532 /* Base */ = {isa = PBXFileReference; lastKnownFileType = file.storyboard; name = Base; path = Base.lproj/LaunchScreen.storyboard; sourceTree = "<group>"; };
		8FCA6B7A1D10EF6D00FE9532 /* Info.plist */ = {isa = PBXFileReference; lastKnownFileType = text.plist.xml; path = Info.plist; sourceTree = "<group>"; };
/* End PBXFileReference section */

/* Begin PBXFrameworksBuildPhase section */
		8FCA6B681D10EF6D00FE9532 /* Frameworks */ = {
			isa = PBXFrameworksBuildPhase;
			buildActionMask = 2147483647;
			files = (
			);
			runOnlyForDeploymentPostprocessing = 0;
		};
/* End PBXFrameworksBuildPhase section */

/* Begin PBXGroup section */
		8FCA6B621D10EF6D00FE9532 = {
			isa = PBXGroup;
			children = (
				8FCA6B6D1D10EF6D00FE9532 /* Acronym Learner */,
				8FCA6B6C1D10EF6D00FE9532 /* Products */,
			);
			sourceTree = "<group>";
		};
		8FCA6B6C1D10EF6D00FE9532 /* Products */ = {
			isa = PBXGroup;
			children = (
				8FCA6B6B1D10EF6D00FE9532 /* Acronym Learner.app */,
			);
			name = Products;
			sourceTree = "<group>";
		};
		8FCA6B6D1D10EF6D00FE9532 /* Acronym Learner */ = {
			isa = PBXGroup;
			children = (
				8FCA6B6E1D10EF6D00FE9532 /* AppDelegate.swift */,
				8FCA6B701D10EF6D00FE9532 /* ViewController.swift */,
				8FCA6B721D10EF6D00FE9532 /* Main.storyboard */,
				8FCA6B751D10EF6D00FE9532 /* Assets.xcassets */,
				8FCA6B771D10EF6D00FE9532 /* LaunchScreen.storyboard */,
				8FCA6B7A1D10EF6D00FE9532 /* Info.plist */,
			);
			path = "Acronym Learner";
			sourceTree = "<group>";
		};
/* End PBXGroup section */

/* Begin PBXNativeTarget section */
		8FCA6B6A1D10EF6D00FE9532 /* Acronym Learner */ = {
			isa = PBXNativeTarget;
			buildConfigurationList = 8FCA6B7D1D10EF6D00FE9532 /* Build configuration list for PBXNativeTarget "Acronym Learner" */;
			buildPhases = (
				8FCA6B671D10EF6D00FE9532 /* Sources */,
				8FCA6B681D10EF6D00FE9532 /* Frameworks */,
				8FCA6B691D10EF6D00FE9532 /* Resources */,
			);
			buildRules = (
			);
			dependencies = (
			);
			name = "Acronym Learner";
			productName = "Acronym Learner";
			productReference = 8FCA6B6B1D10EF6D00FE9532 /* Acronym Learner.app */;
			productType = "com.apple.product-type.application";
		};
/* End PBXNativeTarget section */

/* Begin PBXProject section */
		8FCA6B631D10EF6D00FE9532 /* Project object */ = {
			isa = PBXProject;
			attributes = {
				LastSwiftUpdateCheck = 0730;
				LastUpgradeCheck = 0730;
				ORGANIZATIONNAME = "Stan Hughes";
				TargetAttributes = {
					8FCA6B6A1D10EF6D00FE9532 = {
						CreatedOnToolsVersion = 7.3.1;
					};
				};
			};
			buildConfigurationList = 8FCA6B661D10EF6D00FE9532 /* Build configuration list for PBXProject "Acronym Learner" */;
			compatibilityVersion = "Xcode 3.2";
			developmentRegion = English;
			hasScannedForEncodings = 0;
			knownRegions = (
				en,
				Base,
			);
			mainGroup = 8FCA6B621D10EF6D00FE9532;
			productRefGroup = 8FCA6B6C1D10EF6D00FE9532 /* Products */;
			projectDirPath = "";
			projectRoot = "";
			targets = (
				8FCA6B6A1D10EF6D00FE9532 /* Acronym Learner */,
			);
		};
/* End PBXProject section */

/* Begin PBXResourcesBuildPhase section */
		8FCA6B691D10EF6D00FE9532 /* Resources */ = {
			isa = PBXResourcesBuildPhase;
			buildActionMask = 2147483647;
			files = (
				8FCA6B791D10EF6D00FE9532 /* LaunchScreen.storyboard in Resources */,
				8FCA6B761D10EF6D00FE9532 /* Assets.xcassets in Resources */,
				8FCA6B741D10EF6D00FE9532 /* Main.storyboard in Resources */,
			);
			runOnlyForDeploymentPostprocessing = 0;
		};
/* End PBXResourcesBuildPhase section */

/* Begin PBXSourcesBuildPhase section */
		8FCA6B671D10EF6D00FE9532 /* Sources */ = {
			isa = PBXSourcesBuildPhase;
			buildActionMask = 2147483647;
			files = (
				8FCA6B711D10EF6D00FE9532 /* ViewController.swift in Sources */,
				8FCA6B6F1D10EF6D00FE9532 /* AppDelegate.swift in Sources */,
			);
			runOnlyForDeploymentPostprocessing = 0;
		};
/* End PBXSourcesBuildPhase section */

/* Begin PBXVariantGroup section */
		8FCA6B721D10EF6D00FE9532 /* Main.storyboard */ = {
			isa = PBXVariantGroup;
			children = (
				8FCA6B731D10EF6D00FE9532 /* Base */,
			);
			name = Main.storyboard;
			sourceTree = "<group>";
		};
		8FCA6B771D10EF6D00FE9532 /* LaunchScreen.storyboard */ = {
			isa = PBXVariantGroup;
			children = (
				8FCA6B781D10EF6D00FE9532 /* Base */,
			);
			name = LaunchScreen.storyboard;
			sourceTree = "<group>";
		};
/* End PBXVariantGroup section */

/* Begin XCBuildConfiguration section */
		8FCA6B7B1D10EF6D00FE9532 /* Debug */ = {
			isa = XCBuildConfiguration;
			buildSettings = {
				ALWAYS_SEARCH_USER_PATHS = NO;
				CLANG_ANALYZER_NONNULL = YES;
				CLANG_CXX_LANGUAGE_STANDARD = "gnu++0x";
				CLANG_CXX_LIBRARY = "libc++";
				CLANG_ENABLE_MODULES = YES;
				CLANG_ENABLE_OBJC_ARC = YES;
				CLANG_WARN_BOOL_CONVERSION = YES;
				CLANG_WARN_CONSTANT_CONVERSION = YES;
				CLANG_WARN_DIRECT_OBJC_ISA_USAGE = YES_ERROR;
				CLANG_WARN_EMPTY_BODY = YES;
				CLANG_WARN_ENUM_CONVERSION = YES;
				CLANG_WARN_INT_CONVERSION = YES;
				CLANG_WARN_OBJC_ROOT_CLASS = YES_ERROR;
				CLANG_WARN_UNREACHABLE_CODE = YES;
				CLANG_WARN__DUPLICATE_METHOD_MATCH = YES;
				"CODE_SIGN_IDENTITY[sdk=iphoneos*]" = "iPhone Developer";
				COPY_PHASE_STRIP = NO;
				DEBUG_INFORMATION_FORMAT = dwarf;
				ENABLE_STRICT_OBJC_MSGSEND = YES;
				ENABLE_TESTABILITY = YES;
				GCC_C_LANGUAGE_STANDARD = gnu99;
				GCC_DYNAMIC_NO_PIC = NO;
				GCC_NO_COMMON_BLOCKS = YES;
				GCC_OPTIMIZATION_LEVEL = 0;
				GCC_PREPROCESSOR_DEFINITIONS = (
					"DEBUG=1",
					"$(inherited)",
				);
				GCC_WARN_64_TO_32_BIT_CONVERSION = YES;
				GCC_WARN_ABOUT_RETURN_TYPE = YES_ERROR;
				GCC_WARN_UNDECLARED_SELECTOR = YES;
				GCC_WARN_UNINITIALIZED_AUTOS = YES_AGGRESSIVE;
				GCC_WARN_UNUSED_FUNCTION = YES;
				GCC_WARN_UNUSED_VARIABLE = YES;
				IPHONEOS_DEPLOYMENT_TARGET = 9.3;
				MTL_ENABLE_DEBUG_INFO = YES;
				ONLY_ACTIVE_ARCH = YES;
				SDKROOT = iphoneos;
				SWIFT_OPTIMIZATION_LEVEL = "-Onone";
			};
			name = Debug;
		};
		8FCA6B7C1D10EF6D00FE9532 /* Release */ = {
			isa = XCBuildConfiguration;
			buildSettings = {
				ALWAYS_SEARCH_USER_PATHS = NO;
				CLANG_ANALYZER_NONNULL = YES;
				CLANG_CXX_LANGUAGE_STANDARD = "gnu++0x";
				CLANG_CXX_LIBRARY = "libc++";
				CLANG_ENABLE_MODULES = YES;
				CLANG_ENABLE_OBJC_ARC = YES;
				CLANG_WARN_BOOL_CONVERSION = YES;
				CLANG_WARN_CONSTANT_CONVERSION = YES;
				CLANG_WARN_DIRECT_OBJC_ISA_USAGE = YES_ERROR;
				CLANG_WARN_EMPTY_BODY = YES;
				CLANG_WARN_ENUM_CONVERSION = YES;
				CLANG_WARN_INT_CONVERSION = YES;
				CLANG_WARN_OBJC_ROOT_CLASS = YES_ERROR;
				CLANG_WARN_UNREACHABLE_CODE = YES;
				CLANG_WARN__DUPLICATE_METHOD_MATCH = YES;
				"CODE_SIGN_IDENTITY[sdk=iphoneos*]" = "iPhone Developer";
				COPY_PHASE_STRIP = NO;
				DEBUG_INFORMATION_FORMAT = "dwarf-with-dsym";
				ENABLE_NS_ASSERTIONS = NO;
				ENABLE_STRICT_OBJC_MSGSEND = YES;
				GCC_C_LANGUAGE_STANDARD = gnu99;
				GCC_NO_COMMON_BLOCKS = YES;
				GCC_WARN_64_TO_32_BIT_CONVERSION = YES;
				GCC_WARN_ABOUT_RETURN_TYPE = YES_ERROR;
				GCC_WARN_UNDECLARED_SELECTOR = YES;
				GCC_WARN_UNINITIALIZED_AUTOS = YES_AGGRESSIVE;
				GCC_WARN_UNUSED_FUNCTION = YES;
				GCC_WARN_UNUSED_VARIABLE = YES;
				IPHONEOS_DEPLOYMENT_TARGET = 9.3;
				MTL_ENABLE_DEBUG_INFO = NO;
				SDKROOT = iphoneos;
				VALIDATE_PRODUCT = YES;
			};
			name = Release;
		};
		8FCA6B7E1D10EF6D00FE9532 /* Debug */ = {
			isa = XCBuildConfiguration;
			buildSettings = {
				ASSETCATALOG_COMPILER_APPICON_NAME = AppIcon;
				INFOPLIST_FILE = "Acronym Learner/Info.plist";
				LD_RUNPATH_SEARCH_PATHS = "$(inherited) @executable_path/Frameworks";
				PRODUCT_BUNDLE_IDENTIFIER = "org.stanhughes.Acronym-Learner";
				PRODUCT_NAME = "$(TARGET_NAME)";
			};
			name = Debug;
		};
		8FCA6B7F1D10EF6D00FE9532 /* Release */ = {
			isa = XCBuildConfiguration;
			buildSettings = {
				ASSETCATALOG_COMPILER_APPICON_NAME = AppIcon;
				INFOPLIST_FILE = "Acronym Learner/Info.plist";
				LD_RUNPATH_SEARCH_PATHS = "$(inherited) @executable_path/Frameworks";
				PRODUCT_BUNDLE_IDENTIFIER = "org.stanhughes.Acronym-Learner";
				PRODUCT_NAME = "$(TARGET_NAME)";
			};
			name = Release;
		};
/* End XCBuildConfiguration section */

/* Begin XCConfigurationList section */
		8FCA6B661D10EF6D00FE9532 /* Build configuration list for PBXProject "Acronym Learner" */ = {
			isa = XCConfigurationList;
			buildConfigurations = (
				8FCA6B7B1D10EF6D00FE9532 /* Debug */,
				8FCA6B7C1D10EF6D00FE9532 /* Release */,
			);
			defaultConfigurationIsVisible = 0;
			defaultConfigurationName = Release;
		};
		8FCA6B7D1D10EF6D00FE9532 /* Build configuration list for PBXNativeTarget "Acronym Learner" */ = {
			isa = XCConfigurationList;
			buildConfigurations = (
				8FCA6B7E1D10EF6D00FE9532 /* Debug */,
				8FCA6B7F1D10EF6D00FE9532 /* Release */,
			);
			defaultConfigurationIsVisible = 0;
		};
/* End XCConfigurationList section */
	};
	rootObject = 8FCA6B631D10EF6D00FE9532 /* Project object */;
}
